
Microsoft Visual Studio Solution File, Format Version 12.00
# Visual Studio Version 17
VisualStudioVersion = 17.1.32421.90
MinimumVisualStudioVersion = 10.0.40219.1
Project("{9A19103F-16F7-4668-BE54-9A1E7A4F7556}") = "TimerWheel", "Benchmarks\TimerWheel\TimerWheel.csproj", "{C0928A43-34B7-4D33-9B71-75F70CE2E90F}"
EndProject
Project("{9A19103F-16F7-4668-BE54-9A1E7A4F7556}") = "Server", "ModernUO\Projects\Server\Server.csproj", "{8BE71755-9302-4292-99E9-2014C8D294CB}"
EndProject
Project("{9A19103F-16F7-4668-BE54-9A1E7A4F7556}") = "UOContent", "ModernUO\Projects\UOContent\UOContent.csproj", "{6C0105CB-F0EE-429B-B930-189EA1E1DC34}"
EndProject
Project("{9A19103F-16F7-4668-BE54-9A1E7A4F7556}") = "PooledRefQueue", "Benchmarks\PooledRefQueue\PooledRefQueue.csproj", "{43CBC4DA-D271-4FA8-8EDD-C90C58E7274C}"
EndProject
Project("{9A19103F-16F7-4668-BE54-9A1E7A4F7556}") = "Rng", "Benchmarks\Rng\Rng.csproj", "{2EAF8CFF-DAEE-4D4D-A290-36001FD14495}"
EndProject
Project("{9A19103F-16F7-4668-BE54-9A1E7A4F7556}") = "Logging", "Benchmarks\Logging\Logging.csproj", "{5C38593B-7656-4025-8A64-7463B3E45BD6}"
EndProject
Project("{9A19103F-16F7-4668-BE54-9A1E7A4F7556}") = "StringHandling", "Benchmarks\StringHandling\StringHandling.csproj", "{F7B4B0F8-0C42-4788-829C-1E069788A9AC}"
EndProject
Project("{9A19103F-16F7-4668-BE54-9A1E7A4F7556}") = "ArrayPools", "Benchmarks\ArrayPools\ArrayPools.csproj", "{A086E531-D418-4B9E-A9D8-08E5D544822C}"
EndProject
Project("{9A19103F-16F7-4668-BE54-9A1E7A4F7556}") = "OrderedHashSet", "Benchmarks\OrderedHashSet\OrderedHashSet.csproj", "{A642E134-B3FF-491B-8C6A-2398CF1FF712}"
EndProject
Project("{9A19103F-16F7-4668-BE54-9A1E7A4F7556}") = "UOMap", "Benchmarks\UOMap\UOMap.csproj", "{C7C47166-3159-4C13-98C9-45694011FC79}"
EndProject
Project("{9A19103F-16F7-4668-BE54-9A1E7A4F7556}") = "LocalizationInterpolation", "Benchmarks\LocalizationInterpolation\LocalizationInterpolation.csproj", "{0E6AD1FE-A18A-4BD5-8748-D3BD3F439A43}"
EndProject
Project("{9A19103F-16F7-4668-BE54-9A1E7A4F7556}") = "ObjectPropertyList", "Benchmarks\ObjectPropertyList\ObjectPropertyList.csproj", "{30885942-4EC1-4F8E-9171-83A6932E307A}"
EndProject
Project("{9A19103F-16F7-4668-BE54-9A1E7A4F7556}") = "Delegates", "Benchmarks\Delegates\Delegates.csproj", "{5DF4F461-EF1E-4E04-AC8A-AEA2D120FB9B}"
EndProject
Project("{FAE04EC0-301F-11D3-BF4B-00C04F79EFBC}") = "HashTypes", "Benchmarks\HashTypes\HashTypes.csproj", "{D0FCF536-CE62-42F3-855D-A08174101619}"
EndProject
Project("{FAE04EC0-301F-11D3-BF4B-00C04F79EFBC}") = "Vectors", "Benchmarks\Vectors\Vectors.csproj", "{95827745-8A69-4916-8CB7-C340BF7160DB}"
EndProject
Project("{FAE04EC0-301F-11D3-BF4B-00C04F79EFBC}") = "TestNullable", "Benchmarks\TestNullable\TestNullable.csproj", "{DFA6ABEB-FDD3-4452-92BB-DBEC1008CEC0}"
EndProject
Project("{FAE04EC0-301F-11D3-BF4B-00C04F79EFBC}") = "ContainerSearch", "Benchmarks\ContainerSearch\ContainerSearch.csproj", "{BBF391CE-BF4D-408A-B24B-FDA1247FC2E6}"
EndProject
Project("{FAE04EC0-301F-11D3-BF4B-00C04F79EFBC}") = "TestWhileLoop", "Benchmarks\TestWhileLoop\TestWhileLoop.csproj", "{0CAFE79B-949E-4C08-9BC3-769B3F79B4B9}"
EndProject
Global
	GlobalSection(SolutionConfigurationPlatforms) = preSolution
		Debug|Any CPU = Debug|Any CPU
		Debug|x64 = Debug|x64
		Release|Any CPU = Release|Any CPU
		Release|x64 = Release|x64
	EndGlobalSection
	GlobalSection(ProjectConfigurationPlatforms) = postSolution
		{C0928A43-34B7-4D33-9B71-75F70CE2E90F}.Debug|Any CPU.ActiveCfg = Debug|x64
		{C0928A43-34B7-4D33-9B71-75F70CE2E90F}.Debug|Any CPU.Build.0 = Debug|x64
		{C0928A43-34B7-4D33-9B71-75F70CE2E90F}.Debug|x64.ActiveCfg = Debug|x64
		{C0928A43-34B7-4D33-9B71-75F70CE2E90F}.Debug|x64.Build.0 = Debug|x64
		{C0928A43-34B7-4D33-9B71-75F70CE2E90F}.Release|Any CPU.ActiveCfg = Release|x64
		{C0928A43-34B7-4D33-9B71-75F70CE2E90F}.Release|Any CPU.Build.0 = Release|x64
		{C0928A43-34B7-4D33-9B71-75F70CE2E90F}.Release|x64.ActiveCfg = Release|x64
		{C0928A43-34B7-4D33-9B71-75F70CE2E90F}.Release|x64.Build.0 = Release|x64
		{8BE71755-9302-4292-99E9-2014C8D294CB}.Debug|Any CPU.ActiveCfg = Debug|x64
		{8BE71755-9302-4292-99E9-2014C8D294CB}.Debug|Any CPU.Build.0 = Debug|x64
		{8BE71755-9302-4292-99E9-2014C8D294CB}.Debug|x64.ActiveCfg = Debug|x64
		{8BE71755-9302-4292-99E9-2014C8D294CB}.Debug|x64.Build.0 = Debug|x64
		{8BE71755-9302-4292-99E9-2014C8D294CB}.Release|Any CPU.ActiveCfg = Release|x64
		{8BE71755-9302-4292-99E9-2014C8D294CB}.Release|Any CPU.Build.0 = Release|x64
		{8BE71755-9302-4292-99E9-2014C8D294CB}.Release|x64.ActiveCfg = Release|x64
		{8BE71755-9302-4292-99E9-2014C8D294CB}.Release|x64.Build.0 = Release|x64
		{6C0105CB-F0EE-429B-B930-189EA1E1DC34}.Debug|Any CPU.ActiveCfg = Debug|x64
		{6C0105CB-F0EE-429B-B930-189EA1E1DC34}.Debug|Any CPU.Build.0 = Debug|x64
		{6C0105CB-F0EE-429B-B930-189EA1E1DC34}.Debug|x64.ActiveCfg = Debug|x64
		{6C0105CB-F0EE-429B-B930-189EA1E1DC34}.Debug|x64.Build.0 = Debug|x64
		{6C0105CB-F0EE-429B-B930-189EA1E1DC34}.Release|Any CPU.ActiveCfg = Release|x64
		{6C0105CB-F0EE-429B-B930-189EA1E1DC34}.Release|Any CPU.Build.0 = Release|x64
		{6C0105CB-F0EE-429B-B930-189EA1E1DC34}.Release|x64.ActiveCfg = Release|x64
		{6C0105CB-F0EE-429B-B930-189EA1E1DC34}.Release|x64.Build.0 = Release|x64
		{43CBC4DA-D271-4FA8-8EDD-C90C58E7274C}.Debug|Any CPU.ActiveCfg = Debug|x64
		{43CBC4DA-D271-4FA8-8EDD-C90C58E7274C}.Debug|Any CPU.Build.0 = Debug|x64
		{43CBC4DA-D271-4FA8-8EDD-C90C58E7274C}.Debug|x64.ActiveCfg = Debug|x64
		{43CBC4DA-D271-4FA8-8EDD-C90C58E7274C}.Debug|x64.Build.0 = Debug|x64
		{43CBC4DA-D271-4FA8-8EDD-C90C58E7274C}.Release|Any CPU.ActiveCfg = Release|x64
		{43CBC4DA-D271-4FA8-8EDD-C90C58E7274C}.Release|Any CPU.Build.0 = Release|x64
		{43CBC4DA-D271-4FA8-8EDD-C90C58E7274C}.Release|x64.ActiveCfg = Release|x64
		{43CBC4DA-D271-4FA8-8EDD-C90C58E7274C}.Release|x64.Build.0 = Release|x64
		{2EAF8CFF-DAEE-4D4D-A290-36001FD14495}.Debug|Any CPU.ActiveCfg = Debug|x64
		{2EAF8CFF-DAEE-4D4D-A290-36001FD14495}.Debug|Any CPU.Build.0 = Debug|x64
		{2EAF8CFF-DAEE-4D4D-A290-36001FD14495}.Debug|x64.ActiveCfg = Debug|x64
		{2EAF8CFF-DAEE-4D4D-A290-36001FD14495}.Debug|x64.Build.0 = Debug|x64
		{2EAF8CFF-DAEE-4D4D-A290-36001FD14495}.Release|Any CPU.ActiveCfg = Release|x64
		{2EAF8CFF-DAEE-4D4D-A290-36001FD14495}.Release|Any CPU.Build.0 = Release|x64
		{2EAF8CFF-DAEE-4D4D-A290-36001FD14495}.Release|x64.ActiveCfg = Release|x64
		{2EAF8CFF-DAEE-4D4D-A290-36001FD14495}.Release|x64.Build.0 = Release|x64
		{5C38593B-7656-4025-8A64-7463B3E45BD6}.Debug|Any CPU.ActiveCfg = Debug|x64
		{5C38593B-7656-4025-8A64-7463B3E45BD6}.Debug|Any CPU.Build.0 = Debug|x64
		{5C38593B-7656-4025-8A64-7463B3E45BD6}.Debug|x64.ActiveCfg = Debug|x64
		{5C38593B-7656-4025-8A64-7463B3E45BD6}.Debug|x64.Build.0 = Debug|x64
		{5C38593B-7656-4025-8A64-7463B3E45BD6}.Release|Any CPU.ActiveCfg = Release|x64
		{5C38593B-7656-4025-8A64-7463B3E45BD6}.Release|Any CPU.Build.0 = Release|x64
		{5C38593B-7656-4025-8A64-7463B3E45BD6}.Release|x64.ActiveCfg = Release|x64
		{5C38593B-7656-4025-8A64-7463B3E45BD6}.Release|x64.Build.0 = Release|x64
		{F7B4B0F8-0C42-4788-829C-1E069788A9AC}.Debug|Any CPU.ActiveCfg = Debug|x64
		{F7B4B0F8-0C42-4788-829C-1E069788A9AC}.Debug|Any CPU.Build.0 = Debug|x64
		{F7B4B0F8-0C42-4788-829C-1E069788A9AC}.Debug|x64.ActiveCfg = Debug|x64
		{F7B4B0F8-0C42-4788-829C-1E069788A9AC}.Debug|x64.Build.0 = Debug|x64
		{F7B4B0F8-0C42-4788-829C-1E069788A9AC}.Release|Any CPU.ActiveCfg = Release|x64
		{F7B4B0F8-0C42-4788-829C-1E069788A9AC}.Release|Any CPU.Build.0 = Release|x64
		{F7B4B0F8-0C42-4788-829C-1E069788A9AC}.Release|x64.ActiveCfg = Release|x64
		{F7B4B0F8-0C42-4788-829C-1E069788A9AC}.Release|x64.Build.0 = Release|x64
		{A086E531-D418-4B9E-A9D8-08E5D544822C}.Debug|Any CPU.ActiveCfg = Debug|x64
		{A086E531-D418-4B9E-A9D8-08E5D544822C}.Debug|Any CPU.Build.0 = Debug|x64
		{A086E531-D418-4B9E-A9D8-08E5D544822C}.Debug|x64.ActiveCfg = Debug|x64
		{A086E531-D418-4B9E-A9D8-08E5D544822C}.Debug|x64.Build.0 = Debug|x64
		{A086E531-D418-4B9E-A9D8-08E5D544822C}.Release|Any CPU.ActiveCfg = Release|x64
		{A086E531-D418-4B9E-A9D8-08E5D544822C}.Release|Any CPU.Build.0 = Release|x64
		{A086E531-D418-4B9E-A9D8-08E5D544822C}.Release|x64.ActiveCfg = Release|x64
		{A086E531-D418-4B9E-A9D8-08E5D544822C}.Release|x64.Build.0 = Release|x64
		{A642E134-B3FF-491B-8C6A-2398CF1FF712}.Debug|Any CPU.ActiveCfg = Debug|x64
		{A642E134-B3FF-491B-8C6A-2398CF1FF712}.Debug|Any CPU.Build.0 = Debug|x64
		{A642E134-B3FF-491B-8C6A-2398CF1FF712}.Debug|x64.ActiveCfg = Debug|x64
		{A642E134-B3FF-491B-8C6A-2398CF1FF712}.Debug|x64.Build.0 = Debug|x64
		{A642E134-B3FF-491B-8C6A-2398CF1FF712}.Release|Any CPU.ActiveCfg = Release|x64
		{A642E134-B3FF-491B-8C6A-2398CF1FF712}.Release|Any CPU.Build.0 = Release|x64
		{A642E134-B3FF-491B-8C6A-2398CF1FF712}.Release|x64.ActiveCfg = Release|x64
		{A642E134-B3FF-491B-8C6A-2398CF1FF712}.Release|x64.Build.0 = Release|x64
		{C7C47166-3159-4C13-98C9-45694011FC79}.Debug|Any CPU.ActiveCfg = Debug|x64
		{C7C47166-3159-4C13-98C9-45694011FC79}.Debug|Any CPU.Build.0 = Debug|x64
		{C7C47166-3159-4C13-98C9-45694011FC79}.Debug|x64.ActiveCfg = Debug|x64
		{C7C47166-3159-4C13-98C9-45694011FC79}.Debug|x64.Build.0 = Debug|x64
		{C7C47166-3159-4C13-98C9-45694011FC79}.Release|Any CPU.ActiveCfg = Release|x64
		{C7C47166-3159-4C13-98C9-45694011FC79}.Release|Any CPU.Build.0 = Release|x64
		{C7C47166-3159-4C13-98C9-45694011FC79}.Release|x64.ActiveCfg = Release|x64
		{C7C47166-3159-4C13-98C9-45694011FC79}.Release|x64.Build.0 = Release|x64
		{0E6AD1FE-A18A-4BD5-8748-D3BD3F439A43}.Debug|Any CPU.ActiveCfg = Debug|x64
		{0E6AD1FE-A18A-4BD5-8748-D3BD3F439A43}.Debug|Any CPU.Build.0 = Debug|x64
		{0E6AD1FE-A18A-4BD5-8748-D3BD3F439A43}.Debug|x64.ActiveCfg = Debug|x64
		{0E6AD1FE-A18A-4BD5-8748-D3BD3F439A43}.Debug|x64.Build.0 = Debug|x64
		{0E6AD1FE-A18A-4BD5-8748-D3BD3F439A43}.Release|Any CPU.ActiveCfg = Release|x64
		{0E6AD1FE-A18A-4BD5-8748-D3BD3F439A43}.Release|Any CPU.Build.0 = Release|x64
		{0E6AD1FE-A18A-4BD5-8748-D3BD3F439A43}.Release|x64.ActiveCfg = Release|x64
		{0E6AD1FE-A18A-4BD5-8748-D3BD3F439A43}.Release|x64.Build.0 = Release|x64
		{30885942-4EC1-4F8E-9171-83A6932E307A}.Debug|Any CPU.ActiveCfg = Debug|x64
		{30885942-4EC1-4F8E-9171-83A6932E307A}.Debug|Any CPU.Build.0 = Debug|x64
		{30885942-4EC1-4F8E-9171-83A6932E307A}.Debug|x64.ActiveCfg = Debug|x64
		{30885942-4EC1-4F8E-9171-83A6932E307A}.Debug|x64.Build.0 = Debug|x64
		{30885942-4EC1-4F8E-9171-83A6932E307A}.Release|Any CPU.ActiveCfg = Release|x64
		{30885942-4EC1-4F8E-9171-83A6932E307A}.Release|Any CPU.Build.0 = Release|x64
		{30885942-4EC1-4F8E-9171-83A6932E307A}.Release|x64.ActiveCfg = Release|x64
		{30885942-4EC1-4F8E-9171-83A6932E307A}.Release|x64.Build.0 = Release|x64
		{5DF4F461-EF1E-4E04-AC8A-AEA2D120FB9B}.Debug|Any CPU.ActiveCfg = Debug|x64
		{5DF4F461-EF1E-4E04-AC8A-AEA2D120FB9B}.Debug|Any CPU.Build.0 = Debug|x64
		{5DF4F461-EF1E-4E04-AC8A-AEA2D120FB9B}.Debug|x64.ActiveCfg = Debug|x64
		{5DF4F461-EF1E-4E04-AC8A-AEA2D120FB9B}.Debug|x64.Build.0 = Debug|x64
		{5DF4F461-EF1E-4E04-AC8A-AEA2D120FB9B}.Release|Any CPU.ActiveCfg = Release|x64
		{5DF4F461-EF1E-4E04-AC8A-AEA2D120FB9B}.Release|Any CPU.Build.0 = Release|x64
		{5DF4F461-EF1E-4E04-AC8A-AEA2D120FB9B}.Release|x64.ActiveCfg = Release|x64
		{5DF4F461-EF1E-4E04-AC8A-AEA2D120FB9B}.Release|x64.Build.0 = Release|x64
		{D0FCF536-CE62-42F3-855D-A08174101619}.Debug|Any CPU.ActiveCfg = Debug|x64
		{D0FCF536-CE62-42F3-855D-A08174101619}.Debug|Any CPU.Build.0 = Debug|x64
		{D0FCF536-CE62-42F3-855D-A08174101619}.Debug|x64.ActiveCfg = Debug|x64
		{D0FCF536-CE62-42F3-855D-A08174101619}.Debug|x64.Build.0 = Debug|x64
		{D0FCF536-CE62-42F3-855D-A08174101619}.Release|Any CPU.ActiveCfg = Release|x64
		{D0FCF536-CE62-42F3-855D-A08174101619}.Release|Any CPU.Build.0 = Release|x64
		{D0FCF536-CE62-42F3-855D-A08174101619}.Release|x64.ActiveCfg = Release|x64
		{D0FCF536-CE62-42F3-855D-A08174101619}.Release|x64.Build.0 = Release|x64
		{95827745-8A69-4916-8CB7-C340BF7160DB}.Debug|Any CPU.ActiveCfg = Debug|x64
		{95827745-8A69-4916-8CB7-C340BF7160DB}.Debug|Any CPU.Build.0 = Debug|x64
		{95827745-8A69-4916-8CB7-C340BF7160DB}.Debug|x64.ActiveCfg = Debug|x64
		{95827745-8A69-4916-8CB7-C340BF7160DB}.Debug|x64.Build.0 = Debug|x64
		{95827745-8A69-4916-8CB7-C340BF7160DB}.Release|Any CPU.ActiveCfg = Release|x64
		{95827745-8A69-4916-8CB7-C340BF7160DB}.Release|Any CPU.Build.0 = Release|x64
		{95827745-8A69-4916-8CB7-C340BF7160DB}.Release|x64.ActiveCfg = Release|x64
		{95827745-8A69-4916-8CB7-C340BF7160DB}.Release|x64.Build.0 = Release|x64
		{DFA6ABEB-FDD3-4452-92BB-DBEC1008CEC0}.Debug|Any CPU.ActiveCfg = Debug|x64
		{DFA6ABEB-FDD3-4452-92BB-DBEC1008CEC0}.Debug|Any CPU.Build.0 = Debug|x64
		{DFA6ABEB-FDD3-4452-92BB-DBEC1008CEC0}.Debug|x64.ActiveCfg = Debug|x64
		{DFA6ABEB-FDD3-4452-92BB-DBEC1008CEC0}.Debug|x64.Build.0 = Debug|x64
		{DFA6ABEB-FDD3-4452-92BB-DBEC1008CEC0}.Release|Any CPU.ActiveCfg = Release|x64
		{DFA6ABEB-FDD3-4452-92BB-DBEC1008CEC0}.Release|Any CPU.Build.0 = Release|x64
		{DFA6ABEB-FDD3-4452-92BB-DBEC1008CEC0}.Release|x64.ActiveCfg = Release|x64
		{DFA6ABEB-FDD3-4452-92BB-DBEC1008CEC0}.Release|x64.Build.0 = Release|x64
		{BBF391CE-BF4D-408A-B24B-FDA1247FC2E6}.Debug|Any CPU.ActiveCfg = Debug|x64
		{BBF391CE-BF4D-408A-B24B-FDA1247FC2E6}.Debug|Any CPU.Build.0 = Debug|x64
		{BBF391CE-BF4D-408A-B24B-FDA1247FC2E6}.Debug|x64.ActiveCfg = Debug|x64
		{BBF391CE-BF4D-408A-B24B-FDA1247FC2E6}.Debug|x64.Build.0 = Debug|x64
		{BBF391CE-BF4D-408A-B24B-FDA1247FC2E6}.Release|Any CPU.ActiveCfg = Release|x64
		{BBF391CE-BF4D-408A-B24B-FDA1247FC2E6}.Release|Any CPU.Build.0 = Release|x64
		{BBF391CE-BF4D-408A-B24B-FDA1247FC2E6}.Release|x64.ActiveCfg = Release|x64
		{BBF391CE-BF4D-408A-B24B-FDA1247FC2E6}.Release|x64.Build.0 = Release|x64
		{0CAFE79B-949E-4C08-9BC3-769B3F79B4B9}.Debug|Any CPU.ActiveCfg = Debug|x64
		{0CAFE79B-949E-4C08-9BC3-769B3F79B4B9}.Debug|Any CPU.Build.0 = Debug|x64
		{0CAFE79B-949E-4C08-9BC3-769B3F79B4B9}.Debug|x64.ActiveCfg = Debug|x64
		{0CAFE79B-949E-4C08-9BC3-769B3F79B4B9}.Debug|x64.Build.0 = Debug|x64
		{0CAFE79B-949E-4C08-9BC3-769B3F79B4B9}.Release|Any CPU.ActiveCfg = Release|x64
		{0CAFE79B-949E-4C08-9BC3-769B3F79B4B9}.Release|Any CPU.Build.0 = Release|x64
		{0CAFE79B-949E-4C08-9BC3-769B3F79B4B9}.Release|x64.ActiveCfg = Release|x64
		{0CAFE79B-949E-4C08-9BC3-769B3F79B4B9}.Release|x64.Build.0 = Release|x64
	EndGlobalSection
	GlobalSection(SolutionProperties) = preSolution
		HideSolutionNode = FALSE
	EndGlobalSection
	GlobalSection(ExtensibilityGlobals) = postSolution
		SolutionGuid = {423C2478-9156-4692-8F78-937AB8D4D1E5}
	EndGlobalSection
EndGlobal
